
Microsoft Visual Studio Solution File, Format Version 12.00
# Visual Studio Version 16
VisualStudioVersion = 16.0.30114.105
MinimumVisualStudioVersion = 10.0.40219.1
Project("{FAE04EC0-301F-11D3-BF4B-00C04F79EFBC}") = "rehber.Core", "rehber.Core\rehber.Core.csproj", "{3D2378FD-4EA5-4CF9-A770-4C8225AC7009}"
EndProject
Project("{FAE04EC0-301F-11D3-BF4B-00C04F79EFBC}") = "rehber.Data", "rehber.Data\rehber.Data.csproj", "{E80F748B-90DC-467B-B53D-34B977C98D05}"
EndProject
Project("{FAE04EC0-301F-11D3-BF4B-00C04F79EFBC}") = "rehber.Service", "rehber.Service\rehber.Service.csproj", "{24796BCE-D982-42F2-B71C-3DE30F4689CA}"
EndProject
Global
	GlobalSection(SolutionConfigurationPlatforms) = preSolution
		Debug|Any CPU = Debug|Any CPU
		Debug|x64 = Debug|x64
		Debug|x86 = Debug|x86
		Release|Any CPU = Release|Any CPU
		Release|x64 = Release|x64
		Release|x86 = Release|x86
	EndGlobalSection
	GlobalSection(SolutionProperties) = preSolution
		HideSolutionNode = FALSE
	EndGlobalSection
	GlobalSection(ProjectConfigurationPlatforms) = postSolution
		{3D2378FD-4EA5-4CF9-A770-4C8225AC7009}.Debug|Any CPU.ActiveCfg = Debug|Any CPU
		{3D2378FD-4EA5-4CF9-A770-4C8225AC7009}.Debug|Any CPU.Build.0 = Debug|Any CPU
		{3D2378FD-4EA5-4CF9-A770-4C8225AC7009}.Debug|x64.ActiveCfg = Debug|Any CPU
		{3D2378FD-4EA5-4CF9-A770-4C8225AC7009}.Debug|x64.Build.0 = Debug|Any CPU
		{3D2378FD-4EA5-4CF9-A770-4C8225AC7009}.Debug|x86.ActiveCfg = Debug|Any CPU
		{3D2378FD-4EA5-4CF9-A770-4C8225AC7009}.Debug|x86.Build.0 = Debug|Any CPU
		{3D2378FD-4EA5-4CF9-A770-4C8225AC7009}.Release|Any CPU.ActiveCfg = Release|Any CPU
		{3D2378FD-4EA5-4CF9-A770-4C8225AC7009}.Release|Any CPU.Build.0 = Release|Any CPU
		{3D2378FD-4EA5-4CF9-A770-4C8225AC7009}.Release|x64.ActiveCfg = Release|Any CPU
		{3D2378FD-4EA5-4CF9-A770-4C8225AC7009}.Release|x64.Build.0 = Release|Any CPU
		{3D2378FD-4EA5-4CF9-A770-4C8225AC7009}.Release|x86.ActiveCfg = Release|Any CPU
		{3D2378FD-4EA5-4CF9-A770-4C8225AC7009}.Release|x86.Build.0 = Release|Any CPU
		{E80F748B-90DC-467B-B53D-34B977C98D05}.Debug|Any CPU.ActiveCfg = Debug|Any CPU
		{E80F748B-90DC-467B-B53D-34B977C98D05}.Debug|Any CPU.Build.0 = Debug|Any CPU
		{E80F748B-90DC-467B-B53D-34B977C98D05}.Debug|x64.ActiveCfg = Debug|Any CPU
		{E80F748B-90DC-467B-B53D-34B977C98D05}.Debug|x64.Build.0 = Debug|Any CPU
		{E80F748B-90DC-467B-B53D-34B977C98D05}.Debug|x86.ActiveCfg = Debug|Any CPU
		{E80F748B-90DC-467B-B53D-34B977C98D05}.Debug|x86.Build.0 = Debug|Any CPU
		{E80F748B-90DC-467B-B53D-34B977C98D05}.Release|Any CPU.ActiveCfg = Release|Any CPU
		{E80F748B-90DC-467B-B53D-34B977C98D05}.Release|Any CPU.Build.0 = Release|Any CPU
		{E80F748B-90DC-467B-B53D-34B977C98D05}.Release|x64.ActiveCfg = Release|Any CPU
		{E80F748B-90DC-467B-B53D-34B977C98D05}.Release|x64.Build.0 = Release|Any CPU
		{E80F748B-90DC-467B-B53D-34B977C98D05}.Release|x86.ActiveCfg = Release|Any CPU
		{E80F748B-90DC-467B-B53D-34B977C98D05}.Release|x86.Build.0 = Release|Any CPU
		{24796BCE-D982-42F2-B71C-3DE30F4689CA}.Debug|Any CPU.ActiveCfg = Debug|Any CPU
		{24796BCE-D982-42F2-B71C-3DE30F4689CA}.Debug|Any CPU.Build.0 = Debug|Any CPU
		{24796BCE-D982-42F2-B71C-3DE30F4689CA}.Debug|x64.ActiveCfg = Debug|Any CPU
		{24796BCE-D982-42F2-B71C-3DE30F4689CA}.Debug|x64.Build.0 = Debug|Any CPU
		{24796BCE-D982-42F2-B71C-3DE30F4689CA}.Debug|x86.ActiveCfg = Debug|Any CPU
		{24796BCE-D982-42F2-B71C-3DE30F4689CA}.Debug|x86.Build.0 = Debug|Any CPU
		{24796BCE-D982-42F2-B71C-3DE30F4689CA}.Release|Any CPU.ActiveCfg = Release|Any CPU
		{24796BCE-D982-42F2-B71C-3DE30F4689CA}.Release|Any CPU.Build.0 = Release|Any CPU
		{24796BCE-D982-42F2-B71C-3DE30F4689CA}.Release|x64.ActiveCfg = Release|Any CPU
		{24796BCE-D982-42F2-B71C-3DE30F4689CA}.Release|x64.Build.0 = Release|Any CPU
		{24796BCE-D982-42F2-B71C-3DE30F4689CA}.Release|x86.ActiveCfg = Release|Any CPU
		{24796BCE-D982-42F2-B71C-3DE30F4689CA}.Release|x86.Build.0 = Release|Any CPU
	EndGlobalSection
EndGlobal
